
Microsoft Visual Studio Solution File, Format Version 12.00
# Visual Studio Version 16
VisualStudioVersion = 16.0.29613.14
MinimumVisualStudioVersion = 10.0.40219.1
Project("{FAE04EC0-301F-11D3-BF4B-00C04F79EFBC}") = "Projetodas3camadas", "Projetodas3camadas\Projetodas3camadas.csproj", "{EB89CCD2-B916-4517-82D1-C397724471A8}"
EndProject
Global
	GlobalSection(SolutionConfigurationPlatforms) = preSolution
		Debug|Any CPU = Debug|Any CPU
		Release|Any CPU = Release|Any CPU
	EndGlobalSection
	GlobalSection(ProjectConfigurationPlatforms) = postSolution
		{EB89CCD2-B916-4517-82D1-C397724471A8}.Debug|Any CPU.ActiveCfg = Debug|Any CPU
		{EB89CCD2-B916-4517-82D1-C397724471A8}.Debug|Any CPU.Build.0 = Debug|Any CPU
		{EB89CCD2-B916-4517-82D1-C397724471A8}.Release|Any CPU.ActiveCfg = Release|Any CPU
		{EB89CCD2-B916-4517-82D1-C397724471A8}.Release|Any CPU.Build.0 = Release|Any CPU
	EndGlobalSection
	GlobalSection(SolutionProperties) = preSolution
		HideSolutionNode = FALSE
	EndGlobalSection
	GlobalSection(ExtensibilityGlobals) = postSolution
		SolutionGuid = {A37C9CAC-0167-46AC-B0C2-E31A5F66B70A}
	EndGlobalSection
EndGlobal
